
Microsoft Visual Studio Solution File, Format Version 12.00
# Visual Studio Version 17
VisualStudioVersion = 17.7.34031.279
MinimumVisualStudioVersion = 10.0.40219.1
Project("{2150E333-8FDC-42A3-9474-1A3956D46DE8}") = "FrontEnd", "FrontEnd", "{2239E5B8-C3F6-41E2-AE63-F82507373196}"
EndProject
Project("{2150E333-8FDC-42A3-9474-1A3956D46DE8}") = "MicroServices", "MicroServices", "{3E8B8556-3206-4B56-94C6-698BC85ED377}"
EndProject
Project("{9A19103F-16F7-4668-BE54-9A1E7A4F7556}") = "CategoriesService__WebApi", "MicroServices\CategoryService\CategoriesService__WebApi\CategoriesService__WebApi.csproj", "{C6CA50D7-1622-421C-815C-EEB57DC6FDFA}"
EndProject
Project("{9A19103F-16F7-4668-BE54-9A1E7A4F7556}") = "GoodsService__WebApi", "MicroServices\GoodsService\GoodsService__WebApi\GoodsService__WebApi.csproj", "{7711E73F-EBA2-4D59-B2C7-2E1AB8E97C99}"
EndProject
Project("{2150E333-8FDC-42A3-9474-1A3956D46DE8}") = "Shared", "Shared", "{A08C796C-17F8-492B-9973-B218A8AE40BE}"
EndProject
Project("{9A19103F-16F7-4668-BE54-9A1E7A4F7556}") = "SharedModels", "SharedModels\SharedModels.csproj", "{77E13179-1CDE-4466-A81F-F8B00142804F}"
EndProject
Project("{2150E333-8FDC-42A3-9474-1A3956D46DE8}") = "CategoriesService", "CategoriesService", "{2EC4FCCA-D09B-452B-A010-8B2C39F78EB2}"
EndProject
Project("{9A19103F-16F7-4668-BE54-9A1E7A4F7556}") = "CategoriesService__BLL", "MicroServices\CategoryService\CategoriesService__BLL\CategoriesService__BLL.csproj", "{D01A3DA7-788A-4F99-B2D8-9A44A7BF8A00}"
EndProject
Project("{9A19103F-16F7-4668-BE54-9A1E7A4F7556}") = "CategoriesService__DAL", "MicroServices\CategoryService\CategoriesService__DAL\CategoriesService__DAL.csproj", "{5AFCF4F0-9C07-4438-885D-F997239F1488}"
EndProject
Project("{2150E333-8FDC-42A3-9474-1A3956D46DE8}") = "GoodsService", "GoodsService", "{95AA8FAE-FAB2-468C-867B-4E409F4C268E}"
EndProject
Project("{9A19103F-16F7-4668-BE54-9A1E7A4F7556}") = "GoodsService__DAL", "MicroServices\GoodsService\GoodsService__DAL\GoodsService__DAL.csproj", "{4135A517-391B-4BBD-9877-F771CC27947F}"
EndProject
Project("{9A19103F-16F7-4668-BE54-9A1E7A4F7556}") = "GoodsService__BLL", "MicroServices\GoodsService\GoodsService__BLL\GoodsService__BLL.csproj", "{86CAB30F-EDBB-4CC2-97D1-B3345D464190}"
EndProject
Project("{9A19103F-16F7-4668-BE54-9A1E7A4F7556}") = "FrontEnd", "FrontEnd\FrontEnd.csproj", "{F1DF216B-7075-489F-B1EC-401505879DDA}"
EndProject
Project("{FAE04EC0-301F-11D3-BF4B-00C04F79EFBC}") = "FrontEndTests", "FrontEndTests\FrontEndTests1.csproj", "{EFF2BFC4-2ACD-4294-85CA-5DC116F44D2E}"
EndProject
Global
	GlobalSection(SolutionConfigurationPlatforms) = preSolution
		Debug|Any CPU = Debug|Any CPU
		Release|Any CPU = Release|Any CPU
	EndGlobalSection
	GlobalSection(ProjectConfigurationPlatforms) = postSolution
		{C6CA50D7-1622-421C-815C-EEB57DC6FDFA}.Debug|Any CPU.ActiveCfg = Debug|Any CPU
		{C6CA50D7-1622-421C-815C-EEB57DC6FDFA}.Debug|Any CPU.Build.0 = Debug|Any CPU
		{C6CA50D7-1622-421C-815C-EEB57DC6FDFA}.Release|Any CPU.ActiveCfg = Release|Any CPU
		{C6CA50D7-1622-421C-815C-EEB57DC6FDFA}.Release|Any CPU.Build.0 = Release|Any CPU
		{7711E73F-EBA2-4D59-B2C7-2E1AB8E97C99}.Debug|Any CPU.ActiveCfg = Debug|Any CPU
		{7711E73F-EBA2-4D59-B2C7-2E1AB8E97C99}.Debug|Any CPU.Build.0 = Debug|Any CPU
		{7711E73F-EBA2-4D59-B2C7-2E1AB8E97C99}.Release|Any CPU.ActiveCfg = Release|Any CPU
		{7711E73F-EBA2-4D59-B2C7-2E1AB8E97C99}.Release|Any CPU.Build.0 = Release|Any CPU
		{77E13179-1CDE-4466-A81F-F8B00142804F}.Debug|Any CPU.ActiveCfg = Debug|Any CPU
		{77E13179-1CDE-4466-A81F-F8B00142804F}.Debug|Any CPU.Build.0 = Debug|Any CPU
		{77E13179-1CDE-4466-A81F-F8B00142804F}.Release|Any CPU.ActiveCfg = Release|Any CPU
		{77E13179-1CDE-4466-A81F-F8B00142804F}.Release|Any CPU.Build.0 = Release|Any CPU
		{D01A3DA7-788A-4F99-B2D8-9A44A7BF8A00}.Debug|Any CPU.ActiveCfg = Debug|Any CPU
		{D01A3DA7-788A-4F99-B2D8-9A44A7BF8A00}.Debug|Any CPU.Build.0 = Debug|Any CPU
		{D01A3DA7-788A-4F99-B2D8-9A44A7BF8A00}.Release|Any CPU.ActiveCfg = Release|Any CPU
		{D01A3DA7-788A-4F99-B2D8-9A44A7BF8A00}.Release|Any CPU.Build.0 = Release|Any CPU
		{5AFCF4F0-9C07-4438-885D-F997239F1488}.Debug|Any CPU.ActiveCfg = Debug|Any CPU
		{5AFCF4F0-9C07-4438-885D-F997239F1488}.Debug|Any CPU.Build.0 = Debug|Any CPU
		{5AFCF4F0-9C07-4438-885D-F997239F1488}.Release|Any CPU.ActiveCfg = Release|Any CPU
		{5AFCF4F0-9C07-4438-885D-F997239F1488}.Release|Any CPU.Build.0 = Release|Any CPU
		{4135A517-391B-4BBD-9877-F771CC27947F}.Debug|Any CPU.ActiveCfg = Debug|Any CPU
		{4135A517-391B-4BBD-9877-F771CC27947F}.Debug|Any CPU.Build.0 = Debug|Any CPU
		{4135A517-391B-4BBD-9877-F771CC27947F}.Release|Any CPU.ActiveCfg = Release|Any CPU
		{4135A517-391B-4BBD-9877-F771CC27947F}.Release|Any CPU.Build.0 = Release|Any CPU
		{86CAB30F-EDBB-4CC2-97D1-B3345D464190}.Debug|Any CPU.ActiveCfg = Debug|Any CPU
		{86CAB30F-EDBB-4CC2-97D1-B3345D464190}.Debug|Any CPU.Build.0 = Debug|Any CPU
		{86CAB30F-EDBB-4CC2-97D1-B3345D464190}.Release|Any CPU.ActiveCfg = Release|Any CPU
		{86CAB30F-EDBB-4CC2-97D1-B3345D464190}.Release|Any CPU.Build.0 = Release|Any CPU
		{F1DF216B-7075-489F-B1EC-401505879DDA}.Debug|Any CPU.ActiveCfg = Debug|Any CPU
		{F1DF216B-7075-489F-B1EC-401505879DDA}.Debug|Any CPU.Build.0 = Debug|Any CPU
		{F1DF216B-7075-489F-B1EC-401505879DDA}.Release|Any CPU.ActiveCfg = Release|Any CPU
		{F1DF216B-7075-489F-B1EC-401505879DDA}.Release|Any CPU.Build.0 = Release|Any CPU
		{EFF2BFC4-2ACD-4294-85CA-5DC116F44D2E}.Debug|Any CPU.ActiveCfg = Debug|Any CPU
		{EFF2BFC4-2ACD-4294-85CA-5DC116F44D2E}.Debug|Any CPU.Build.0 = Debug|Any CPU
		{EFF2BFC4-2ACD-4294-85CA-5DC116F44D2E}.Release|Any CPU.ActiveCfg = Release|Any CPU
		{EFF2BFC4-2ACD-4294-85CA-5DC116F44D2E}.Release|Any CPU.Build.0 = Release|Any CPU
	EndGlobalSection
	GlobalSection(SolutionProperties) = preSolution
		HideSolutionNode = FALSE
	EndGlobalSection
	GlobalSection(NestedProjects) = preSolution
		{C6CA50D7-1622-421C-815C-EEB57DC6FDFA} = {2EC4FCCA-D09B-452B-A010-8B2C39F78EB2}
		{7711E73F-EBA2-4D59-B2C7-2E1AB8E97C99} = {95AA8FAE-FAB2-468C-867B-4E409F4C268E}
		{77E13179-1CDE-4466-A81F-F8B00142804F} = {A08C796C-17F8-492B-9973-B218A8AE40BE}
		{2EC4FCCA-D09B-452B-A010-8B2C39F78EB2} = {3E8B8556-3206-4B56-94C6-698BC85ED377}
		{D01A3DA7-788A-4F99-B2D8-9A44A7BF8A00} = {2EC4FCCA-D09B-452B-A010-8B2C39F78EB2}
		{5AFCF4F0-9C07-4438-885D-F997239F1488} = {2EC4FCCA-D09B-452B-A010-8B2C39F78EB2}
		{95AA8FAE-FAB2-468C-867B-4E409F4C268E} = {3E8B8556-3206-4B56-94C6-698BC85ED377}
		{4135A517-391B-4BBD-9877-F771CC27947F} = {95AA8FAE-FAB2-468C-867B-4E409F4C268E}
		{86CAB30F-EDBB-4CC2-97D1-B3345D464190} = {95AA8FAE-FAB2-468C-867B-4E409F4C268E}
		{F1DF216B-7075-489F-B1EC-401505879DDA} = {2239E5B8-C3F6-41E2-AE63-F82507373196}
	EndGlobalSection
	GlobalSection(ExtensibilityGlobals) = postSolution
		SolutionGuid = {41248CB3-BE83-4D69-850B-4B0AE9C0F702}
	EndGlobalSection
EndGlobal
